
Microsoft Visual Studio Solution File, Format Version 12.00
# Visual Studio Version 17
VisualStudioVersion = 17.1.32319.34
MinimumVisualStudioVersion = 10.0.40219.1
Project("{8BC9CEB8-8B4A-11D0-8D11-00A0C91BC942}") = "DSTR_Assignment", "DSTR_Assignment\DSTR_Assignment.vcxproj", "{820083B0-0627-4E6A-BC60-997A52777193}"
EndProject
Global
	GlobalSection(SolutionConfigurationPlatforms) = preSolution
		Debug|x64 = Debug|x64
		Debug|x86 = Debug|x86
		Release|x64 = Release|x64
		Release|x86 = Release|x86
	EndGlobalSection
	GlobalSection(ProjectConfigurationPlatforms) = postSolution
		{820083B0-0627-4E6A-BC60-997A52777193}.Debug|x64.ActiveCfg = Debug|x64
		{820083B0-0627-4E6A-BC60-997A52777193}.Debug|x64.Build.0 = Debug|x64
		{820083B0-0627-4E6A-BC60-997A52777193}.Debug|x86.ActiveCfg = Debug|Win32
		{820083B0-0627-4E6A-BC60-997A52777193}.Debug|x86.Build.0 = Debug|Win32
		{820083B0-0627-4E6A-BC60-997A52777193}.Release|x64.ActiveCfg = Release|x64
		{820083B0-0627-4E6A-BC60-997A52777193}.Release|x64.Build.0 = Release|x64
		{820083B0-0627-4E6A-BC60-997A52777193}.Release|x86.ActiveCfg = Release|Win32
		{820083B0-0627-4E6A-BC60-997A52777193}.Release|x86.Build.0 = Release|Win32
	EndGlobalSection
	GlobalSection(SolutionProperties) = preSolution
		HideSolutionNode = FALSE
	EndGlobalSection
	GlobalSection(ExtensibilityGlobals) = postSolution
		SolutionGuid = {69BF3071-8D56-4693-8030-88C200534AC8}
	EndGlobalSection
EndGlobal
